{
  "nodes": {
    "bun2nix": {
      "inputs": {
        "flake-parts": [
          "llm-agents",
          "flake-parts"
        ],
        "nixpkgs": [
          "llm-agents",
          "nixpkgs"
        ],
        "systems": [
          "llm-agents",
          "systems"
        ],
        "treefmt-nix": [
          "llm-agents",
          "treefmt-nix"
        ]
      },
      "locked": {
        "lastModified": 1784665499,
        "narHash": "sha256-9BMxlTxCCDAeoNLtb1a/st7udtTIJep+wpUzquA29VU=",
        "owner": "nix-community",
        "repo": "bun2nix",
        "rev": "0f2a1f0b6f42cebe3b149bf62d38754c5e0e9729",
        "type": "github"
      },
      "original": {
        "owner": "nix-community",
        "repo": "bun2nix",
        "type": "github"
      }
    },
    "cpu-microcodes": {
      "flake": false,
      "locked": {
        "lastModified": 1781125738,
        "narHash": "sha256-6KfmnLufkUJUE7+ziD/ucgdsOpx8aYmiepRq6y/wcwE=",
        "owner": "platomav",
        "repo": "CPUMicrocodes",
        "rev": "49aa6bd56d1019c1e8b47321d2eb66913a2da876",
        "type": "github"
      },
      "original": {
        "owner": "platomav",
        "repo": "CPUMicrocodes",
        "type": "github"
      }
    },
    "declarative-flatpak": {
      "locked": {
        "lastModified": 1786455112,
        "owner": "in-a-dil-emma",
        "repo": "declarative-flatpak",
        "rev": "a1173e04ef4e192960d724a9ad806bba25b5767e",
        "type": "github"
      },
      "original": {
        "owner": "in-a-dil-emma",
        "ref": "latest",
        "repo": "declarative-flatpak",
        "type": "github"
      }
    },
    "determinate": {
      "inputs": {
        "flake-parts": [
          "flake-parts"
        ],
        "git-hooks-nix": [
          "git-hooks"
        ],
        "nixpkgs": "nixpkgs",
        "nixpkgs-23-11": [],
        "nixpkgs-regression": []
      },
      "locked": {
        "lastModified": 1786114274,
        "narHash": "sha256-Quqthts9sCdYDCelos6cVrlxgJgkGcJNtQmWwFwvPQw=",
        "rev": "c9c272f5ab1a99fb149ab2b152bd8cd8d6fa1186",
        "revCount": 27199,
        "type": "tarball",
        "url": "https://api.flakehub.com/f/pinned/DeterminateSystems/nix-src/3.22.0/019fdd0b-8551-7d43-a627-08af9d70b415/source.tar.gz"
      },
      "original": {
        "type": "tarball",
        "url": "https://flakehub.com/f/DeterminateSystems/nix-src/%2A"
      }
    },
    "disko": {
      "inputs": {
        "nixpkgs": [
          "nixpkgs"
        ]
      },
      "locked": {
        "lastModified": 1768920986,
        "owner": "nix-community",
        "repo": "disko",
        "rev": "de5708739256238fb912c62f03988815db89ec9a",
        "type": "github"
      },
      "original": {
        "owner": "nix-community",
        "ref": "latest",
        "repo": "disko",
        "type": "github"
      }
    },
    "flake-compat": {
      "locked": {
        "lastModified": 1767039857,
        "owner": "NixOS",
        "repo": "flake-compat",
        "rev": "5edf11c44bc78a0d334f6334cdaf7d60d732daab",
        "type": "github"
      },
      "original": {
        "owner": "NixOS",
        "repo": "flake-compat",
        "type": "github"
      }
    },
    "flake-parts": {
      "inputs": {
        "nixpkgs-lib": [
          "nixpkgs"
        ]
      },
      "locked": {
        "lastModified": 1785627969,
        "owner": "hercules-ci",
        "repo": "flake-parts",
        "rev": "427bf4bd9435fdf21321c8cc628c24efc14c0f7a",
        "type": "github"
      },
      "original": {
        "owner": "hercules-ci",
        "repo": "flake-parts",
        "type": "github"
      }
    },
    "git-hooks": {
      "inputs": {
        "flake-compat": [
          "flake-compat"
        ],
        "nixpkgs": [
          "nixpkgs"
        ]
      },
      "locked": {
        "lastModified": 1784288435,
        "owner": "cachix",
        "repo": "git-hooks.nix",
        "rev": "43b3c1ab9d40fb1dbb008f451988a91e375825e9",
        "type": "github"
      },
      "original": {
        "owner": "cachix",
        "repo": "git-hooks.nix",
        "type": "github"
      }
    },
    "home-manager": {
      "inputs": {
        "nixpkgs": [
          "nixpkgs"
        ]
      },
      "locked": {
        "lastModified": 1786826571,
        "owner": "nix-community",
        "repo": "home-manager",
        "rev": "c8058ecc1329a71a3c99c4d0353dba4009a66152",
        "type": "github"
      },
      "original": {
        "owner": "nix-community",
        "repo": "home-manager",
        "type": "github"
      }
    },
    "import-tree": {
      "locked": {
        "lastModified": 1784254960,
        "owner": "vic",
        "repo": "import-tree",
        "rev": "4ebb10ae17d5f1ad366e7aef5b92cb8eecf24f69",
        "type": "github"
      },
      "original": {
        "owner": "vic",
        "repo": "import-tree",
        "type": "github"
      }
    },
    "llm-agents": {
      "inputs": {
        "bun2nix": "bun2nix",
        "flake-parts": [
          "flake-parts"
        ],
        "nixpkgs": [
          "nixpkgs"
        ],
        "systems": [
          "systems"
        ],
        "treefmt-nix": [
          "treefmt-nix"
        ]
      },
      "locked": {
        "lastModified": 1786817893,
        "owner": "numtide",
        "repo": "llm-agents.nix",
        "rev": "03eb805f7600594270b9434ecb6619ae76e04bc3",
        "type": "github"
      },
      "original": {
        "owner": "numtide",
        "repo": "llm-agents.nix",
        "type": "github"
      }
    },
    "mnw": {
      "locked": {
        "lastModified": 1780772958,
        "narHash": "sha256-VKKe8r4pwCGWZ3Yr9CPN129R4S3CKLSrlYqdYz3vKpM=",
        "owner": "Gerg-L",
        "repo": "mnw",
        "rev": "0871dbf63a53610c95db04439ed8ea4d6ec9c160",
        "type": "github"
      },
      "original": {
        "owner": "Gerg-L",
        "repo": "mnw",
        "type": "github"
      }
    },
    "ncro": {
      "inputs": {
        "nixpkgs": [
          "nixpkgs"
        ]
      },
      "locked": {
        "lastModified": 1786701834,
        "owner": "manic-systems",
        "repo": "ncro",
        "rev": "3cc83303cc859901eb4330e9c4319b61f6ba1ffc",
        "type": "github"
      },
      "original": {
        "owner": "manic-systems",
        "repo": "ncro",
        "type": "github"
      }
    },
    "nix-cachyos-kernel": {
      "inputs": {
        "flake-compat": [
          "flake-compat"
        ],
        "flake-parts": [
          "flake-parts"
        ],
        "nixpkgs": "nixpkgs_2"
      },
      "locked": {
        "lastModified": 1785870829,
        "owner": "xddxdd",
        "repo": "nix-cachyos-kernel",
        "rev": "879f45ee15a3b06fdbbf9b6dc825c5fbca137fcd",
        "type": "github"
      },
      "original": {
        "owner": "xddxdd",
        "ref": "release",
        "repo": "nix-cachyos-kernel",
        "type": "github"
      }
    },
    "nix-index-database": {
      "inputs": {
        "nixpkgs": [
          "nixpkgs"
        ]
      },
      "locked": {
        "lastModified": 1786249295,
        "owner": "nix-community",
        "repo": "nix-index-database",
        "rev": "14d55b8069119e3b88da7aa2f6c97f86a2cd3cd6",
        "type": "github"
      },
      "original": {
        "owner": "nix-community",
        "repo": "nix-index-database",
        "type": "github"
      }
    },
    "nixcord": {
      "inputs": {
        "flake-parts": [
          "flake-parts"
        ],
        "nixpkgs": [
          "nixpkgs"
        ],
        "nixpkgs-nixcord": [
          "nixpkgs"
        ],
        "treefmt-nix": [
          "treefmt-nix"
        ]
      },
      "locked": {
        "lastModified": 1786767826,
        "owner": "kaylorben",
        "repo": "nixcord",
        "rev": "0d7dc7ca169f7d453216b0bafbad2a43211e8c3c",
        "type": "github"
      },
      "original": {
        "owner": "kaylorben",
        "repo": "nixcord",
        "type": "github"
      }
    },
    "nixpkgs": {
      "locked": {
        "lastModified": 1784160687,
        "narHash": "sha256-iYL/bixrb6FlHFu/gIuBYzq6c6lM5AAXsXNSWXtIgQc=",
        "rev": "4382ed2b7a6839d4280a9b386db49cbc5907414d",
        "revCount": 1009383,
        "type": "tarball",
        "url": "https://api.flakehub.com/f/pinned/NixOS/nixpkgs/0.2605.1009383%2Brev-4382ed2b7a6839d4280a9b386db49cbc5907414d/019f6c11-ad78-7500-a194-d18a5bad0fbe/source.tar.gz"
      },
      "original": {
        "type": "tarball",
        "url": "https://flakehub.com/f/NixOS/nixpkgs/0.2605"
      }
    },
    "nixpkgs-patch-builtins-filterattrs": {
      "flake": false,
      "locked": {
        "narHash": "sha256-K7b1DC2iZSrT3uO/DDKTQJzwEEPuidAXBj7RnRNu66c=",
        "type": "file",
        "url": "https://github.com/NixOS/nixpkgs/pull/498999.diff"
      },
      "original": {
        "type": "file",
        "url": "https://github.com/NixOS/nixpkgs/pull/498999.diff"
      }
    },
    "nixpkgs-patch-codexbar-cli": {
      "flake": false,
      "locked": {
        "narHash": "sha256-PghQcPF+aIlmd5qD893gFX4pkZXbyrqt8LPKc7cNsYY=",
        "type": "file",
        "url": "https://github.com/NixOS/nixpkgs/pull/525686.diff"
      },
      "original": {
        "type": "file",
        "url": "https://github.com/NixOS/nixpkgs/pull/525686.diff"
      }
    },
    "nixpkgs-patch-hotfix-ananicy-cpp": {
      "flake": false,
      "locked": {
        "narHash": "sha256-FgIg6TIaPhaZbh/vwA4PNewiE4km0M3yulzSs/Gpt58=",
        "type": "file",
        "url": "https://github.com/NixOS/nixpkgs/pull/552211.diff"
      },
      "original": {
        "type": "file",
        "url": "https://github.com/NixOS/nixpkgs/pull/552211.diff"
      }
    },
    "nixpkgs-patch-hotfix-nanoemoji-hash": {
      "flake": false,
      "locked": {
        "narHash": "sha256-+T3TjwiVVAyjvUYCYYymrXwCKopXVVAl7icOkISdiR0=",
        "type": "file",
        "url": "https://github.com/NixOS/nixpkgs/commit/1e544d5f3944e555dd7919258882562e616407a8.diff"
      },
      "original": {
        "type": "file",
        "url": "https://github.com/NixOS/nixpkgs/commit/1e544d5f3944e555dd7919258882562e616407a8.diff"
      }
    },
    "nixpkgs-patch-make-initrd-ng-dlopen-alternatives": {
      "flake": false,
      "locked": {
        "narHash": "sha256-VpexweZTg/B62+t8WeBnKYXUns/+a+MsScofmOBNrOY=",
        "type": "file",
        "url": "https://github.com/qweered/nixpkgs/commit/7441b95afb6da774204d96a68969c4014af0fbc4.diff"
      },
      "original": {
        "type": "file",
        "url": "https://github.com/qweered/nixpkgs/commit/7441b95afb6da774204d96a68969c4014af0fbc4.diff"
      }
    },
    "nixpkgs-patch-singularityapp": {
      "flake": false,
      "locked": {
        "narHash": "sha256-7BQZZRMV5arqkhn8w/yiSl4OmoXPodGaONBIKbs7O3I=",
        "type": "file",
        "url": "https://github.com/NixOS/nixpkgs/pull/535346.diff"
      },
      "original": {
        "type": "file",
        "url": "https://github.com/NixOS/nixpkgs/pull/535346.diff"
      }
    },
    "nixpkgs-patcher": {
      "locked": {
        "lastModified": 1786578629,
        "owner": "gepbird",
        "repo": "nixpkgs-patcher",
        "rev": "59ecdb2d3783c2b1fd27e595b3f11411a5db730c",
        "type": "github"
      },
      "original": {
        "owner": "gepbird",
        "repo": "nixpkgs-patcher",
        "type": "github"
      }
    },
    "nixpkgs_2": {
      "locked": {
        "lastModified": 1785859399,
        "narHash": "sha256-pY4X50au95QrTpAbEm08pURmeU3/Ud2oa0s2XzpDdz8=",
        "owner": "NixOS",
        "repo": "nixpkgs",
        "rev": "85f62611fa3f3eacbcfe3bc7a6d6518b443ca442",
        "type": "github"
      },
      "original": {
        "owner": "NixOS",
        "ref": "nixos-unstable-small",
        "repo": "nixpkgs",
        "type": "github"
      }
    },
    "nixpkgs_3": {
      "locked": {
        "lastModified": 1786599213,
        "narHash": "sha256-yjGG65gA1jORt0hWxjzrnw3AYkIn8EWolp8vezwXZ3I=",
        "rev": "0e251e24a4f24e036a084b6b4b2d2491af4167f4",
        "type": "tarball",
        "url": "https://releases.nixos.org/nixos/unstable/nixos-26.11pre1053317.0e251e24a4f2/nixexprs.tar.zst"
      },
      "original": {
        "type": "tarball",
        "url": "https://channels.nixos.org/nixos-unstable/nixexprs.tar.zst"
      }
    },
    "nvf": {
      "inputs": {
        "flake-compat": [
          "flake-compat"
        ],
        "mnw": "mnw",
        "nixpkgs": [
          "nixpkgs"
        ]
      },
      "locked": {
        "lastModified": 1786433999,
        "owner": "notashelf",
        "repo": "nvf",
        "rev": "a213644cadd5f90bf18b0c409f08f282b30e55e3",
        "type": "github"
      },
      "original": {
        "owner": "notashelf",
        "repo": "nvf",
        "type": "github"
      }
    },
    "root": {
      "inputs": {
        "cpu-microcodes": "cpu-microcodes",
        "declarative-flatpak": "declarative-flatpak",
        "determinate": "determinate",
        "disko": "disko",
        "flake-compat": "flake-compat",
        "flake-parts": "flake-parts",
        "git-hooks": "git-hooks",
        "home-manager": "home-manager",
        "import-tree": "import-tree",
        "llm-agents": "llm-agents",
        "ncro": "ncro",
        "nix-cachyos-kernel": "nix-cachyos-kernel",
        "nix-index-database": "nix-index-database",
        "nixcord": "nixcord",
        "nixpkgs": "nixpkgs_3",
        "nixpkgs-patch-builtins-filterattrs": "nixpkgs-patch-builtins-filterattrs",
        "nixpkgs-patch-codexbar-cli": "nixpkgs-patch-codexbar-cli",
        "nixpkgs-patch-hotfix-ananicy-cpp": "nixpkgs-patch-hotfix-ananicy-cpp",
        "nixpkgs-patch-hotfix-nanoemoji-hash": "nixpkgs-patch-hotfix-nanoemoji-hash",
        "nixpkgs-patch-make-initrd-ng-dlopen-alternatives": "nixpkgs-patch-make-initrd-ng-dlopen-alternatives",
        "nixpkgs-patch-singularityapp": "nixpkgs-patch-singularityapp",
        "nixpkgs-patcher": "nixpkgs-patcher",
        "nvf": "nvf",
        "sops-nix": "sops-nix",
        "spicetify": "spicetify",
        "systems": "systems",
        "treefmt-nix": "treefmt-nix",
        "ucodenix": "ucodenix",
        "vicinae-extensions": "vicinae-extensions"
      }
    },
    "sops-nix": {
      "inputs": {
        "nixpkgs": [
          "nixpkgs"
        ]
      },
      "locked": {
        "lastModified": 1786629091,
        "owner": "Mic92",
        "repo": "sops-nix",
        "rev": "a8627b21b9107c5711c96b84f32a9a4b3d45295f",
        "type": "github"
      },
      "original": {
        "owner": "Mic92",
        "repo": "sops-nix",
        "type": "github"
      }
    },
    "spicetify": {
      "inputs": {
        "nixpkgs": [
          "nixpkgs"
        ],
        "systems": [
          "systems"
        ]
      },
      "locked": {
        "lastModified": 1786613850,
        "owner": "Gerg-L",
        "repo": "spicetify-nix",
        "rev": "c900155108f79f8ed6a29a8ed32c23494ce13415",
        "type": "github"
      },
      "original": {
        "owner": "Gerg-L",
        "repo": "spicetify-nix",
        "type": "github"
      }
    },
    "systems": {
      "locked": {
        "lastModified": 1776166891,
        "owner": "nix-systems",
        "repo": "triplet",
        "rev": "6de7bc09397911ce03636afbcf6118745ab2cda0",
        "type": "github"
      },
      "original": {
        "owner": "nix-systems",
        "repo": "triplet",
        "type": "github"
      }
    },
    "treefmt-nix": {
      "inputs": {
        "nixpkgs": [
          "nixpkgs"
        ]
      },
      "locked": {
        "lastModified": 1785945821,
        "owner": "numtide",
        "repo": "treefmt-nix",
        "rev": "ae7910970dddc408fe6ab1c8e4b277bb21d72dc0",
        "type": "github"
      },
      "original": {
        "owner": "numtide",
        "repo": "treefmt-nix",
        "type": "github"
      }
    },
    "ucodenix": {
      "inputs": {
        "cpu-microcodes": [
          "cpu-microcodes"
        ]
      },
      "locked": {
        "lastModified": 1781629628,
        "owner": "e-tho",
        "repo": "ucodenix",
        "rev": "5c9a1202884f7f455119f35df03c66f6a98ce5f9",
        "type": "github"
      },
      "original": {
        "owner": "e-tho",
        "repo": "ucodenix",
        "type": "github"
      }
    },
    "vicinae-extensions": {
      "flake": false,
      "locked": {
        "lastModified": 1786695377,
        "narHash": "sha256-E3ZW5x/hemm6qEIY98fp7DrXiMg7uQdg80wIqcSRGCA=",
        "owner": "vicinaehq",
        "repo": "extensions",
        "rev": "d61bf7b835ebd29c806387f0e013df04dd61a368",
        "type": "github"
      },
      "original": {
        "owner": "vicinaehq",
        "repo": "extensions",
        "type": "github"
      }
    }
  },
  "root": "root",
  "version": 7
}
